
Microsoft Visual Studio Solution File, Format Version 12.00
# Visual Studio 15
VisualStudioVersion = 15.0.28307.329
MinimumVisualStudioVersion = 10.0.40219.1
Project("{9A19103F-16F7-4668-BE54-9A1E7A4F7556}") = "CodeTest.NET-Application", "CodeTest.NET-Application\CodeTest.NET-Application.csproj", "{237E37A4-2A90-42D5-8551-F58C5B3A0FA3}"
EndProject
Project("{9A19103F-16F7-4668-BE54-9A1E7A4F7556}") = "CodeTest.NET-Application.Common.Models", "CodeTest.NET-Application.Common.Models\CodeTest.NET-Application.Common.Models.csproj", "{9D005AA3-687C-4EF1-8848-7DEB95AE2A9F}"
EndProject
Project("{9A19103F-16F7-4668-BE54-9A1E7A4F7556}") = "CodeTest.NET-Application.Common.Modules", "CodeTest.NET-Application.Common.Modules\CodeTest.NET-Application.Common.Modules.csproj", "{7F67140C-50DA-49F9-9CEE-765B0BF6D386}"
EndProject
Project("{9A19103F-16F7-4668-BE54-9A1E7A4F7556}") = "CodeTest.NET-Application.Common.Services", "CodeTest.NET-Application.Common.Services\CodeTest.NET-Application.Common.Services.csproj", "{87C44532-BD27-4547-9EC6-BE979B0C15F1}"
EndProject
Project("{9A19103F-16F7-4668-BE54-9A1E7A4F7556}") = "CodeTest.NET-Application.Common.Contracts", "CodeTest.NET-Application.Common.Contracts\CodeTest.NET-Application.Common.Contracts.csproj", "{96A947A1-6DB0-4BB2-8B63-C214D8ADAFE5}"
EndProject
Project("{9A19103F-16F7-4668-BE54-9A1E7A4F7556}") = "CodeTest.NET-Application.Data", "CodeTest.NET-Application.Data\CodeTest.NET-Application.Data.csproj", "{282E9A14-316D-46D6-B3C1-5B761ECC24CE}"
EndProject
Project("{9A19103F-16F7-4668-BE54-9A1E7A4F7556}") = "CodeTest.NET-Application.Data.Models", "CodeTest.NET-Application.Data.Model\CodeTest.NET-Application.Data.Models.csproj", "{3E00038A-3A17-4C51-A515-208F289EDB26}"
EndProject
Project("{9A19103F-16F7-4668-BE54-9A1E7A4F7556}") = "CodeTest.NET-Application.Common.Helpers", "CodeTest.NET-Application.Helpers\CodeTest.NET-Application.Common.Helpers.csproj", "{8A256E62-6FB4-43DA-838E-E3FE67BA1D9C}"
EndProject
Project("{9A19103F-16F7-4668-BE54-9A1E7A4F7556}") = "CodeTest.NET-Application.Maps", "CodeTest.NET-Application.Maps\CodeTest.NET-Application.Maps.csproj", "{E491737A-8788-43C2-810B-FB3554DA4D9C}"
EndProject
Project("{FAE04EC0-301F-11D3-BF4B-00C04F79EFBC}") = "CodeTest.NET-Application.Business.Services", "CodeTest.NET-Application.Business.Services\CodeTest.NET-Application.Business.Services.csproj", "{19801E23-EEC5-4231-B2C2-F97CB183A550}"
EndProject
Global
	GlobalSection(SolutionConfigurationPlatforms) = preSolution
		Debug|Any CPU = Debug|Any CPU
		Release|Any CPU = Release|Any CPU
	EndGlobalSection
	GlobalSection(ProjectConfigurationPlatforms) = postSolution
		{237E37A4-2A90-42D5-8551-F58C5B3A0FA3}.Debug|Any CPU.ActiveCfg = Debug|Any CPU
		{237E37A4-2A90-42D5-8551-F58C5B3A0FA3}.Debug|Any CPU.Build.0 = Debug|Any CPU
		{237E37A4-2A90-42D5-8551-F58C5B3A0FA3}.Release|Any CPU.ActiveCfg = Release|Any CPU
		{237E37A4-2A90-42D5-8551-F58C5B3A0FA3}.Release|Any CPU.Build.0 = Release|Any CPU
		{9D005AA3-687C-4EF1-8848-7DEB95AE2A9F}.Debug|Any CPU.ActiveCfg = Debug|Any CPU
		{9D005AA3-687C-4EF1-8848-7DEB95AE2A9F}.Debug|Any CPU.Build.0 = Debug|Any CPU
		{9D005AA3-687C-4EF1-8848-7DEB95AE2A9F}.Release|Any CPU.ActiveCfg = Release|Any CPU
		{9D005AA3-687C-4EF1-8848-7DEB95AE2A9F}.Release|Any CPU.Build.0 = Release|Any CPU
		{7F67140C-50DA-49F9-9CEE-765B0BF6D386}.Debug|Any CPU.ActiveCfg = Debug|Any CPU
		{7F67140C-50DA-49F9-9CEE-765B0BF6D386}.Debug|Any CPU.Build.0 = Debug|Any CPU
		{7F67140C-50DA-49F9-9CEE-765B0BF6D386}.Release|Any CPU.ActiveCfg = Release|Any CPU
		{7F67140C-50DA-49F9-9CEE-765B0BF6D386}.Release|Any CPU.Build.0 = Release|Any CPU
		{87C44532-BD27-4547-9EC6-BE979B0C15F1}.Debug|Any CPU.ActiveCfg = Debug|Any CPU
		{87C44532-BD27-4547-9EC6-BE979B0C15F1}.Debug|Any CPU.Build.0 = Debug|Any CPU
		{87C44532-BD27-4547-9EC6-BE979B0C15F1}.Release|Any CPU.ActiveCfg = Release|Any CPU
		{87C44532-BD27-4547-9EC6-BE979B0C15F1}.Release|Any CPU.Build.0 = Release|Any CPU
		{96A947A1-6DB0-4BB2-8B63-C214D8ADAFE5}.Debug|Any CPU.ActiveCfg = Debug|Any CPU
		{96A947A1-6DB0-4BB2-8B63-C214D8ADAFE5}.Debug|Any CPU.Build.0 = Debug|Any CPU
		{96A947A1-6DB0-4BB2-8B63-C214D8ADAFE5}.Release|Any CPU.ActiveCfg = Release|Any CPU
		{96A947A1-6DB0-4BB2-8B63-C214D8ADAFE5}.Release|Any CPU.Build.0 = Release|Any CPU
		{282E9A14-316D-46D6-B3C1-5B761ECC24CE}.Debug|Any CPU.ActiveCfg = Debug|Any CPU
		{282E9A14-316D-46D6-B3C1-5B761ECC24CE}.Debug|Any CPU.Build.0 = Debug|Any CPU
		{282E9A14-316D-46D6-B3C1-5B761ECC24CE}.Release|Any CPU.ActiveCfg = Release|Any CPU
		{282E9A14-316D-46D6-B3C1-5B761ECC24CE}.Release|Any CPU.Build.0 = Release|Any CPU
		{3E00038A-3A17-4C51-A515-208F289EDB26}.Debug|Any CPU.ActiveCfg = Debug|Any CPU
		{3E00038A-3A17-4C51-A515-208F289EDB26}.Debug|Any CPU.Build.0 = Debug|Any CPU
		{3E00038A-3A17-4C51-A515-208F289EDB26}.Release|Any CPU.ActiveCfg = Release|Any CPU
		{3E00038A-3A17-4C51-A515-208F289EDB26}.Release|Any CPU.Build.0 = Release|Any CPU
		{8A256E62-6FB4-43DA-838E-E3FE67BA1D9C}.Debug|Any CPU.ActiveCfg = Debug|Any CPU
		{8A256E62-6FB4-43DA-838E-E3FE67BA1D9C}.Debug|Any CPU.Build.0 = Debug|Any CPU
		{8A256E62-6FB4-43DA-838E-E3FE67BA1D9C}.Release|Any CPU.ActiveCfg = Release|Any CPU
		{8A256E62-6FB4-43DA-838E-E3FE67BA1D9C}.Release|Any CPU.Build.0 = Release|Any CPU
		{E491737A-8788-43C2-810B-FB3554DA4D9C}.Debug|Any CPU.ActiveCfg = Debug|Any CPU
		{E491737A-8788-43C2-810B-FB3554DA4D9C}.Debug|Any CPU.Build.0 = Debug|Any CPU
		{E491737A-8788-43C2-810B-FB3554DA4D9C}.Release|Any CPU.ActiveCfg = Release|Any CPU
		{E491737A-8788-43C2-810B-FB3554DA4D9C}.Release|Any CPU.Build.0 = Release|Any CPU
		{19801E23-EEC5-4231-B2C2-F97CB183A550}.Debug|Any CPU.ActiveCfg = Debug|Any CPU
		{19801E23-EEC5-4231-B2C2-F97CB183A550}.Debug|Any CPU.Build.0 = Debug|Any CPU
		{19801E23-EEC5-4231-B2C2-F97CB183A550}.Release|Any CPU.ActiveCfg = Release|Any CPU
		{19801E23-EEC5-4231-B2C2-F97CB183A550}.Release|Any CPU.Build.0 = Release|Any CPU
	EndGlobalSection
	GlobalSection(SolutionProperties) = preSolution
		HideSolutionNode = FALSE
	EndGlobalSection
	GlobalSection(ExtensibilityGlobals) = postSolution
		SolutionGuid = {ED322432-CCE8-47A2-930F-777EA0D97889}
	EndGlobalSection
EndGlobal
